
Microsoft Visual Studio Solution File, Format Version 12.00
# Visual Studio 2012
Project("{FAE04EC0-301F-11D3-BF4B-00C04F79EFBC}") = "ConAppEventsDelegates", "ConAppEventsDelegates\ConAppEventsDelegates.csproj", "{91AE234F-77F2-4987-8BF2-0AA2D3AAF939}"
EndProject
Project("{FAE04EC0-301F-11D3-BF4B-00C04F79EFBC}") = "ConAppReactor", "ConAppReactor\ConAppReactor.csproj", "{C7C61E10-CFC2-493C-9671-609EED278DBF}"
EndProject
Global
	GlobalSection(SolutionConfigurationPlatforms) = preSolution
		Debug|Any CPU = Debug|Any CPU
		Release|Any CPU = Release|Any CPU
	EndGlobalSection
	GlobalSection(ProjectConfigurationPlatforms) = postSolution
		{91AE234F-77F2-4987-8BF2-0AA2D3AAF939}.Debug|Any CPU.ActiveCfg = Debug|Any CPU
		{91AE234F-77F2-4987-8BF2-0AA2D3AAF939}.Debug|Any CPU.Build.0 = Debug|Any CPU
		{91AE234F-77F2-4987-8BF2-0AA2D3AAF939}.Release|Any CPU.ActiveCfg = Release|Any CPU
		{91AE234F-77F2-4987-8BF2-0AA2D3AAF939}.Release|Any CPU.Build.0 = Release|Any CPU
		{C7C61E10-CFC2-493C-9671-609EED278DBF}.Debug|Any CPU.ActiveCfg = Debug|Any CPU
		{C7C61E10-CFC2-493C-9671-609EED278DBF}.Debug|Any CPU.Build.0 = Debug|Any CPU
		{C7C61E10-CFC2-493C-9671-609EED278DBF}.Release|Any CPU.ActiveCfg = Release|Any CPU
		{C7C61E10-CFC2-493C-9671-609EED278DBF}.Release|Any CPU.Build.0 = Release|Any CPU
	EndGlobalSection
	GlobalSection(SolutionProperties) = preSolution
		HideSolutionNode = FALSE
	EndGlobalSection
EndGlobal
